// !$*UTF8*$!
{
	archiveVersion = 1;
	classes = {
	};
	objectVersion = 46;
	objects = {

/* Begin PBXBuildFile section */
		AF9C2D721E39EDD5003C29DA /* AppDelegate.swift in Sources */ = {isa = PBXBuildFile; fileRef = AF9C2D711E39EDD5003C29DA /* AppDelegate.swift */; };
		AF9C2D741E39EDD5003C29DA /* ViewController.swift in Sources */ = {isa = PBXBuildFile; fileRef = AF9C2D731E39EDD5003C29DA /* ViewController.swift */; };
		AF9C2D771E39EDD5003C29DA /* Main.storyboard in Resources */ = {isa = PBXBuildFile; fileRef = AF9C2D751E39EDD5003C29DA /* Main.storyboard */; };
		AF9C2D791E39EDD5003C29DA /* Assets.xcassets in Resources */ = {isa = PBXBuildFile; fileRef = AF9C2D781E39EDD5003C29DA /* Assets.xcassets */; };
		AF9C2D7C1E39EDD5003C29DA /* LaunchScreen.storyboard in Resources */ = {isa = PBXBuildFile; fileRef = AF9C2D7A1E39EDD5003C29DA /* LaunchScreen.storyboard */; };
/* End PBXBuildFile section */

/* Begin PBXFileReference section */
		AF9C2D6E1E39EDD5003C29DA /* FirebaseDemo.app */ = {isa = PBXFileReference; explicitFileType = wrapper.application; includeInIndex = 0; path = FirebaseDemo.app; sourceTree = BUILT_PRODUCTS_DIR; };
		AF9C2D711E39EDD5003C29DA /* AppDelegate.swift */ = {isa = PBXFileReference; lastKnownFileType = sourcecode.swift; path = AppDelegate.swift; sourceTree = "<group>"; };
		AF9C2D731E39EDD5003C29DA /* ViewController.swift */ = {isa = PBXFileReference; lastKnownFileType = sourcecode.swift; path = ViewController.swift; sourceTree = "<group>"; };
		AF9C2D761E39EDD5003C29DA /* Base */ = {isa = PBXFileReference; lastKnownFileType = file.storyboard; name = Base; path = Base.lproj/Main.storyboard; sourceTree = "<group>"; };
		AF9C2D781E39EDD5003C29DA /* Assets.xcassets */ = {isa = PBXFileReference; lastKnownFileType = folder.assetcatalog; path = Assets.xcassets; sourceTree = "<group>"; };
		AF9C2D7B1E39EDD5003C29DA /* Base */ = {isa = PBXFileReference; lastKnownFileType = file.storyboard; name = Base; path = Base.lproj/LaunchScreen.storyboard; sourceTree = "<group>"; };
		AF9C2D7D1E39EDD5003C29DA /* Info.plist */ = {isa = PBXFileReference; lastKnownFileType = text.plist.xml; path = Info.plist; sourceTree = "<group>"; };
/* End PBXFileReference section */

/* Begin PBXFrameworksBuildPhase section */
		AF9C2D6B1E39EDD5003C29DA /* Frameworks */ = {
			isa = PBXFrameworksBuildPhase;
			buildActionMask = 2147483647;
			files = (
			);
			runOnlyForDeploymentPostprocessing = 0;
		};
/* End PBXFrameworksBuildPhase section */

/* Begin PBXGroup section */
		AF9C2D651E39EDD5003C29DA = {
			isa = PBXGroup;
			children = (
				AF9C2D701E39EDD5003C29DA /* FirebaseDemo */,
				AF9C2D6F1E39EDD5003C29DA /* Products */,
			);
			sourceTree = "<group>";
		};
		AF9C2D6F1E39EDD5003C29DA /* Products */ = {
			isa = PBXGroup;
			children = (
				AF9C2D6E1E39EDD5003C29DA /* FirebaseDemo.app */,
			);
			name = Products;
			sourceTree = "<group>";
		};
		AF9C2D701E39EDD5003C29DA /* FirebaseDemo */ = {
			isa = PBXGroup;
			children = (
				AF9C2D711E39EDD5003C29DA /* AppDelegate.swift */,
				AF9C2D731E39EDD5003C29DA /* ViewController.swift */,
				AF9C2D751E39EDD5003C29DA /* Main.storyboard */,
				AF9C2D781E39EDD5003C29DA /* Assets.xcassets */,
				AF9C2D7A1E39EDD5003C29DA /* LaunchScreen.storyboard */,
				AF9C2D7D1E39EDD5003C29DA /* Info.plist */,
			);
			path = FirebaseDemo;
			sourceTree = "<group>";
		};
/* End PBXGroup section */

/* Begin PBXNativeTarget section */
		AF9C2D6D1E39EDD5003C29DA /* FirebaseDemo */ = {
			isa = PBXNativeTarget;
			buildConfigurationList = AF9C2D801E39EDD5003C29DA /* Build configuration list for PBXNativeTarget "FirebaseDemo" */;
			buildPhases = (
				AF9C2D6A1E39EDD5003C29DA /* Sources */,
				AF9C2D6B1E39EDD5003C29DA /* Frameworks */,
				AF9C2D6C1E39EDD5003C29DA /* Resources */,
			);
			buildRules = (
			);
			dependencies = (
			);
			name = FirebaseDemo;
			productName = FirebaseDemo;
			productReference = AF9C2D6E1E39EDD5003C29DA /* FirebaseDemo.app */;
			productType = "com.apple.product-type.application";
		};
/* End PBXNativeTarget section */

/* Begin PBXProject section */
		AF9C2D661E39EDD5003C29DA /* Project object */ = {
			isa = PBXProject;
			attributes = {
				LastSwiftUpdateCheck = 0810;
				LastUpgradeCheck = 0810;
				ORGANIZATIONNAME = "ice elson";
				TargetAttributes = {
					AF9C2D6D1E39EDD5003C29DA = {
						CreatedOnToolsVersion = 8.1;
						DevelopmentTeam = U55RL8468U;
						ProvisioningStyle = Automatic;
					};
				};
			};
			buildConfigurationList = AF9C2D691E39EDD5003C29DA /* Build configuration list for PBXProject "FirebaseDemo" */;
			compatibilityVersion = "Xcode 3.2";
			developmentRegion = English;
			hasScannedForEncodings = 0;
			knownRegions = (
				en,
				Base,
			);
			mainGroup = AF9C2D651E39EDD5003C29DA;
			productRefGroup = AF9C2D6F1E39EDD5003C29DA /* Products */;
			projectDirPath = "";
			projectRoot = "";
			targets = (
				AF9C2D6D1E39EDD5003C29DA /* FirebaseDemo */,
			);
		};
/* End PBXProject section */

/* Begin PBXResourcesBuildPhase section */
		AF9C2D6C1E39EDD5003C29DA /* Resources */ = {
			isa = PBXResourcesBuildPhase;
			buildActionMask = 2147483647;
			files = (
				AF9C2D7C1E39EDD5003C29DA /* LaunchScreen.storyboard in Resources */,
				AF9C2D791E39EDD5003C29DA /* Assets.xcassets in Resources */,
				AF9C2D771E39EDD5003C29DA /* Main.storyboard in Resources */,
			);
			runOnlyForDeploymentPostprocessing = 0;
		};
/* End PBXResourcesBuildPhase section */

/* Begin PBXSourcesBuildPhase section */
		AF9C2D6A1E39EDD5003C29DA /* Sources */ = {
			isa = PBXSourcesBuildPhase;
			buildActionMask = 2147483647;
			files = (
				AF9C2D741E39EDD5003C29DA /* ViewController.swift in Sources */,
				AF9C2D721E39EDD5003C29DA /* AppDelegate.swift in Sources */,
			);
			runOnlyForDeploymentPostprocessing = 0;
		};
/* End PBXSourcesBuildPhase section */

/* Begin PBXVariantGroup section */
		AF9C2D751E39EDD5003C29DA /* Main.storyboard */ = {
			isa = PBXVariantGroup;
			children = (
				AF9C2D761E39EDD5003C29DA /* Base */,
			);
			name = Main.storyboard;
			sourceTree = "<group>";
		};
		AF9C2D7A1E39EDD5003C29DA /* LaunchScreen.storyboard */ = {
			isa = PBXVariantGroup;
			children = (
				AF9C2D7B1E39EDD5003C29DA /* Base */,
			);
			name = LaunchScreen.storyboard;
			sourceTree = "<group>";
		};
/* End PBXVariantGroup section */

/* Begin XCBuildConfiguration section */
		AF9C2D7E1E39EDD5003C29DA /* Debug */ = {
			isa = XCBuildConfiguration;
			buildSettings = {
				ALWAYS_SEARCH_USER_PATHS = NO;
				CLANG_ANALYZER_NONNULL = YES;
				CLANG_CXX_LANGUAGE_STANDARD = "gnu++0x";
				CLANG_CXX_LIBRARY = "libc++";
				CLANG_ENABLE_MODULES = YES;
				CLANG_ENABLE_OBJC_ARC = YES;
				CLANG_WARN_BOOL_CONVERSION = YES;
				CLANG_WARN_CONSTANT_CONVERSION = YES;
				CLANG_WARN_DIRECT_OBJC_ISA_USAGE = YES_ERROR;
				CLANG_WARN_DOCUMENTATION_COMMENTS = YES;
				CLANG_WARN_EMPTY_BODY = YES;
				CLANG_WARN_ENUM_CONVERSION = YES;
				CLANG_WARN_INFINITE_RECURSION = YES;
				CLANG_WARN_INT_CONVERSION = YES;
				CLANG_WARN_OBJC_ROOT_CLASS = YES_ERROR;
				CLANG_WARN_SUSPICIOUS_MOVES = YES;
				CLANG_WARN_UNREACHABLE_CODE = YES;
				CLANG_WARN__DUPLICATE_METHOD_MATCH = YES;
				"CODE_SIGN_IDENTITY[sdk=iphoneos*]" = "iPhone Developer";
				COPY_PHASE_STRIP = NO;
				DEBUG_INFORMATION_FORMAT = dwarf;
				ENABLE_STRICT_OBJC_MSGSEND = YES;
				ENABLE_TESTABILITY = YES;
				GCC_C_LANGUAGE_STANDARD = gnu99;
				GCC_DYNAMIC_NO_PIC = NO;
				GCC_NO_COMMON_BLOCKS = YES;
				GCC_OPTIMIZATION_LEVEL = 0;
				GCC_PREPROCESSOR_DEFINITIONS = (
					"DEBUG=1",
					"$(inherited)",
				);
				GCC_WARN_64_TO_32_BIT_CONVERSION = YES;
				GCC_WARN_ABOUT_RETURN_TYPE = YES_ERROR;
				GCC_WARN_UNDECLARED_SELECTOR = YES;
				GCC_WARN_UNINITIALIZED_AUTOS = YES_AGGRESSIVE;
				GCC_WARN_UNUSED_FUNCTION = YES;
				GCC_WARN_UNUSED_VARIABLE = YES;
				IPHONEOS_DEPLOYMENT_TARGET = 10.1;
				MTL_ENABLE_DEBUG_INFO = YES;
				ONLY_ACTIVE_ARCH = YES;
				SDKROOT = iphoneos;
				SWIFT_ACTIVE_COMPILATION_CONDITIONS = DEBUG;
				SWIFT_OPTIMIZATION_LEVEL = "-Onone";
			};
			name = Debug;
		};
		AF9C2D7F1E39EDD5003C29DA /* Release */ = {
			isa = XCBuildConfiguration;
			buildSettings = {
				ALWAYS_SEARCH_USER_PATHS = NO;
				CLANG_ANALYZER_NONNULL = YES;
				CLANG_CXX_LANGUAGE_STANDARD = "gnu++0x";
				CLANG_CXX_LIBRARY = "libc++";
				CLANG_ENABLE_MODULES = YES;
				CLANG_ENABLE_OBJC_ARC = YES;
				CLANG_WARN_BOOL_CONVERSION = YES;
				CLANG_WARN_CONSTANT_CONVERSION = YES;
				CLANG_WARN_DIRECT_OBJC_ISA_USAGE = YES_ERROR;
				CLANG_WARN_DOCUMENTATION_COMMENTS = YES;
				CLANG_WARN_EMPTY_BODY = YES;
				CLANG_WARN_ENUM_CONVERSION = YES;
				CLANG_WARN_INFINITE_RECURSION = YES;
				CLANG_WARN_INT_CONVERSION = YES;
				CLANG_WARN_OBJC_ROOT_CLASS = YES_ERROR;
				CLANG_WARN_SUSPICIOUS_MOVES = YES;
				CLANG_WARN_UNREACHABLE_CODE = YES;
				CLANG_WARN__DUPLICATE_METHOD_MATCH = YES;
				"CODE_SIGN_IDENTITY[sdk=iphoneos*]" = "iPhone Developer";
				COPY_PHASE_STRIP = NO;
				DEBUG_INFORMATION_FORMAT = "dwarf-with-dsym";
				ENABLE_NS_ASSERTIONS = NO;
				ENABLE_STRICT_OBJC_MSGSEND = YES;
				GCC_C_LANGUAGE_STANDARD = gnu99;
				GCC_NO_COMMON_BLOCKS = YES;
				GCC_WARN_64_TO_32_BIT_CONVERSION = YES;
				GCC_WARN_ABOUT_RETURN_TYPE = YES_ERROR;
				GCC_WARN_UNDECLARED_SELECTOR = YES;
				GCC_WARN_UNINITIALIZED_AUTOS = YES_AGGRESSIVE;
				GCC_WARN_UNUSED_FUNCTION = YES;
				GCC_WARN_UNUSED_VARIABLE = YES;
				IPHONEOS_DEPLOYMENT_TARGET = 10.1;
				MTL_ENABLE_DEBUG_INFO = NO;
				SDKROOT = iphoneos;
				SWIFT_OPTIMIZATION_LEVEL = "-Owholemodule";
				VALIDATE_PRODUCT = YES;
			};
			name = Release;
		};
		AF9C2D811E39EDD5003C29DA /* Debug */ = {
			isa = XCBuildConfiguration;
			buildSettings = {
				ASSETCATALOG_COMPILER_APPICON_NAME = AppIcon;
				DEVELOPMENT_TEAM = U55RL8468U;
				INFOPLIST_FILE = FirebaseDemo/Info.plist;
				LD_RUNPATH_SEARCH_PATHS = "$(inherited) @executable_path/Frameworks";
				PRODUCT_BUNDLE_IDENTIFIER = com.elson.FirebaseDemo;
				PRODUCT_NAME = "$(TARGET_NAME)";
				SWIFT_VERSION = 3.0;
			};
			name = Debug;
		};
		AF9C2D821E39EDD5003C29DA /* Release */ = {
			isa = XCBuildConfiguration;
			buildSettings = {
				ASSETCATALOG_COMPILER_APPICON_NAME = AppIcon;
				DEVELOPMENT_TEAM = U55RL8468U;
				INFOPLIST_FILE = FirebaseDemo/Info.plist;
				LD_RUNPATH_SEARCH_PATHS = "$(inherited) @executable_path/Frameworks";
				PRODUCT_BUNDLE_IDENTIFIER = com.elson.FirebaseDemo;
				PRODUCT_NAME = "$(TARGET_NAME)";
				SWIFT_VERSION = 3.0;
			};
			name = Release;
		};
/* End XCBuildConfiguration section */

/* Begin XCConfigurationList section */
		AF9C2D691E39EDD5003C29DA /* Build configuration list for PBXProject "FirebaseDemo" */ = {
			isa = XCConfigurationList;
			buildConfigurations = (
				AF9C2D7E1E39EDD5003C29DA /* Debug */,
				AF9C2D7F1E39EDD5003C29DA /* Release */,
			);
			defaultConfigurationIsVisible = 0;
			defaultConfigurationName = Release;
		};
		AF9C2D801E39EDD5003C29DA /* Build configuration list for PBXNativeTarget "FirebaseDemo" */ = {
			isa = XCConfigurationList;
			buildConfigurations = (
				AF9C2D811E39EDD5003C29DA /* Debug */,
				AF9C2D821E39EDD5003C29DA /* Release */,
			);
			defaultConfigurationIsVisible = 0;
		};
/* End XCConfigurationList section */
	};
	rootObject = AF9C2D661E39EDD5003C29DA /* Project object */;
}
